
Microsoft Visual Studio Solution File, Format Version 12.00
# Visual Studio Version 17
VisualStudioVersion = 17.14.36414.22 d17.14
MinimumVisualStudioVersion = 10.0.40219.1
Project("{54A90642-561A-4BB1-A94E-469ADEE60C69}") = "react-snek", "React-Snek\react-snek.esproj", "{69E64114-9FB9-6B03-0CB2-5916610C2A01}"
EndProject
Global
	GlobalSection(SolutionConfigurationPlatforms) = preSolution
		Debug|Any CPU = Debug|Any CPU
		Release|Any CPU = Release|Any CPU
	EndGlobalSection
	GlobalSection(ProjectConfigurationPlatforms) = postSolution
		{69E64114-9FB9-6B03-0CB2-5916610C2A01}.Debug|Any CPU.ActiveCfg = Debug|Any CPU
		{69E64114-9FB9-6B03-0CB2-5916610C2A01}.Debug|Any CPU.Build.0 = Debug|Any CPU
		{69E64114-9FB9-6B03-0CB2-5916610C2A01}.Debug|Any CPU.Deploy.0 = Debug|Any CPU
		{69E64114-9FB9-6B03-0CB2-5916610C2A01}.Release|Any CPU.ActiveCfg = Release|Any CPU
		{69E64114-9FB9-6B03-0CB2-5916610C2A01}.Release|Any CPU.Build.0 = Release|Any CPU
		{69E64114-9FB9-6B03-0CB2-5916610C2A01}.Release|Any CPU.Deploy.0 = Release|Any CPU
	EndGlobalSection
	GlobalSection(SolutionProperties) = preSolution
		HideSolutionNode = FALSE
	EndGlobalSection
	GlobalSection(ExtensibilityGlobals) = postSolution
		SolutionGuid = {C269C6CF-3C6C-4292-B895-7E128F0D779D}
	EndGlobalSection
EndGlobal
